<?xml version="1.0" encoding="utf-8"?>
<Project ToolsVersion="4.0" xmlns="http://schemas.microsoft.com/developer/msbuild/2003">
  <ItemGroup>
    <Filter Include="소스 파일">
      <UniqueIdentifier>{4FC737F1-C7A5-4376-A066-2A32D752A2FF}</UniqueIdentifier>
      <Extensions>cpp;c;cc;cxx;c++;cppm;ixx;def;odl;idl;hpj;bat;asm;asmx</Extensions>
    </Filter>
    <Filter Include="헤더 파일">
      <UniqueIdentifier>{93995380-89BD-4b04-88EB-625FBE52EBFB}</UniqueIdentifier>
      <Extensions>h;hh;hpp;hxx;h++;hm;inl;inc;ipp;xsd</Extensions>
    </Filter>
    <Filter Include="리소스 파일">
      <UniqueIdentifier>{67DA6AB6-F800-4c08-8B7A-83BB121AAD01}</UniqueIdentifier>
      <Extensions>rc;ico;cur;bmp;dlg;rc2;rct;bin;rgs;gif;jpg;jpeg;jpe;resx;tiff;tif;png;wav;mfcribbon-ms</Extensions>
    </Filter>
    <Filter Include="소스 파일\Codeforces Round 118">
      <UniqueIdentifier>{6611c590-692f-4408-a46f-08227499add6}</UniqueIdentifier>
    </Filter>
    <Filter Include="소스 파일\Codeforce Round 760">
      <UniqueIdentifier>{15dd777e-6ccd-4dbb-a350-4b441dfc3d04}</UniqueIdentifier>
    </Filter>
    <Filter Include="소스 파일\Codeforces Round 761">
      <UniqueIdentifier>{f30ac04e-4653-4f45-96b2-8cdb3001a4f3}</UniqueIdentifier>
    </Filter>
    <Filter Include="소스 파일\Educational Codeforces Round 119">
      <UniqueIdentifier>{62b8728a-b51f-44cb-8efc-963d42f22707}</UniqueIdentifier>
    </Filter>
    <Filter Include="소스 파일\Codeforces Round #762 %28Div. 3%29">
      <UniqueIdentifier>{8ca786fc-c575-43e1-a522-6e82e8fd8067}</UniqueIdentifier>
    </Filter>
    <Filter Include="소스 파일\Codeforces Global Round 17">
      <UniqueIdentifier>{ae3f1c4d-6d76-42ae-a305-ad1575564c5c}</UniqueIdentifier>
    </Filter>
    <Filter Include="소스 파일\Codeforces Global Round 18">
      <UniqueIdentifier>{4596af1b-cdad-47c3-adf9-b7af58415062}</UniqueIdentifier>
    </Filter>
    <Filter Include="소스 파일\Educational Codeforces Round 120 %28Rated for Div. 2%29">
      <UniqueIdentifier>{f7ca1599-df27-4003-b788-c95e2503acf4}</UniqueIdentifier>
    </Filter>
    <Filter Include="소스 파일\Codeforce Round 760\NewFilter1">
      <UniqueIdentifier>{ad8aa8a3-5921-401e-b309-2aee7c8a8cb9}</UniqueIdentifier>
    </Filter>
    <Filter Include="소스 파일\Codeforces Round #763 %28Div. 2%29">
      <UniqueIdentifier>{2c0be7d4-ae9b-4abe-ace2-54fc3d857d0f}</UniqueIdentifier>
    </Filter>
    <Filter Include="소스 파일\Hello2022">
      <UniqueIdentifier>{56318a59-fb68-4a68-80a6-91b68d78ede9}</UniqueIdentifier>
    </Filter>
  </ItemGroup>
  <ItemGroup>
    <ClCompile Include="A_LongComparison.cpp">
      <Filter>소스 파일\Codeforces Round 118</Filter>
    </ClCompile>
    <ClCompile Include="B_AbsentRemainder.cpp">
      <Filter>소스 파일\Codeforces Round 118</Filter>
    </ClCompile>
    <ClCompile Include="A_SumofSequence.cpp">
      <Filter>소스 파일\Codeforce Round 760</Filter>
    </ClCompile>
    <ClCompile Include="B_MissingBigram.cpp">
      <Filter>소스 파일\Codeforce Round 760</Filter>
    </ClCompile>
    <ClCompile Include="C_painttheArray.cpp">
      <Filter>소스 파일\Codeforce Round 760</Filter>
    </ClCompile>
    <ClCompile Include="D_ArrayAndOperation.cpp">
      <Filter>소스 파일\Codeforce Round 760</Filter>
    </ClCompile>
    <ClCompile Include="E_singersTour.cpp">
      <Filter>소스 파일\Codeforce Round 760</Filter>
    </ClCompile>
    <ClCompile Include="F.cpp">
      <Filter>소스 파일\Codeforce Round 760</Filter>
    </ClCompile>
    <ClCompile Include="A_forbiddenSubsequence.cpp">
      <Filter>소스 파일\Codeforces Round 761</Filter>
    </ClCompile>
    <ClCompile Include="C_PaprikaAndPermutation.cpp">
      <Filter>소스 파일\Codeforces Round 761</Filter>
    </ClCompile>
    <ClCompile Include="A_equalorNotEqual.cpp">
      <Filter>소스 파일\Educational Codeforces Round 119</Filter>
    </ClCompile>
    <ClCompile Include="b.cpp">
      <Filter>소스 파일\Educational Codeforces Round 119</Filter>
    </ClCompile>
    <ClCompile Include="E_ReplacetheNumbers.cpp">
      <Filter>소스 파일\Educational Codeforces Round 119</Filter>
    </ClCompile>
    <ClCompile Include="C_BAstring.cpp">
      <Filter>소스 파일\Educational Codeforces Round 119</Filter>
    </ClCompile>
    <ClCompile Include="A.cpp">
      <Filter>소스 파일\Codeforces Round #762 %28Div. 3%29</Filter>
    </ClCompile>
    <ClCompile Include="B_SquaresAndCubes.cpp">
      <Filter>소스 파일\Codeforces Round #762 %28Div. 3%29</Filter>
    </ClCompile>
    <ClCompile Include="C_WrongAddition.cpp">
      <Filter>소스 파일\Codeforces Round #762 %28Div. 3%29</Filter>
    </ClCompile>
    <ClCompile Include="E_MEX_and_Increments.cpp">
      <Filter>소스 파일\Codeforces Round #762 %28Div. 3%29</Filter>
    </ClCompile>
    <ClCompile Include="F_Hat.cpp">
      <Filter>소스 파일\Educational Codeforces Round 119</Filter>
    </ClCompile>
    <ClCompile Include="A_Anti Light%27s Cell Guessing.cpp">
      <Filter>소스 파일\Codeforces Global Round 17</Filter>
    </ClCompile>
    <ClCompile Include="A_Closing The Gap.cpp">
      <Filter>소스 파일\Codeforces Global Round 18</Filter>
    </ClCompile>
    <ClCompile Include="B_And It%27s Non-Zero.cpp">
      <Filter>소스 파일\Codeforces Global Round 18</Filter>
    </ClCompile>
    <ClCompile Include="C_Menorah.cpp">
      <Filter>소스 파일\Codeforces Global Round 18</Filter>
    </ClCompile>
    <ClCompile Include="A_Construct a Rectangle.cpp">
      <Filter>소스 파일\Educational Codeforces Round 120 %28Rated for Div. 2%29</Filter>
    </ClCompile>
    <ClCompile Include="B_berlin.cpp">
      <Filter>소스 파일\Educational Codeforces Round 120 %28Rated for Div. 2%29</Filter>
    </ClCompile>
    <ClCompile Include="C_Set or Decrease.cpp">
      <Filter>소스 파일\Educational Codeforces Round 120 %28Rated for Div. 2%29</Filter>
    </ClCompile>
    <ClCompile Include="A_Robot Cleaner.cpp">
      <Filter>소스 파일\Codeforces Round #763 %28Div. 2%29</Filter>
    </ClCompile>
    <ClCompile Include="B_GameOnRanges.cpp">
      <Filter>소스 파일\Codeforces Round #763 %28Div. 2%29</Filter>
    </ClCompile>
    <ClCompile Include="C_Balanced Stone Heaps.cpp">
      <Filter>소스 파일\Codeforces Round #763 %28Div. 2%29</Filter>
    </ClCompile>
    <ClCompile Include="D_Robot Cleaner Revisit.cpp">
      <Filter>소스 파일\Codeforces Round #763 %28Div. 2%29</Filter>
    </ClCompile>
    <ClCompile Include="A___.cpp">
      <Filter>소스 파일\Hello2022</Filter>
    </ClCompile>
  </ItemGroup>
</Project>